
Microsoft Visual Studio Solution File, Format Version 12.00
# Visual Studio Version 16
VisualStudioVersion = 16.0.30104.148
MinimumVisualStudioVersion = 10.0.40219.1
Project("{9A19103F-16F7-4668-BE54-9A1E7A4F7556}") = "BookStoreBusinessLogic", "BookStoreBusinessLogic\BookStoreBusinessLogic.csproj", "{FBFD57AD-FFF4-45DC-9270-6B22FF22DE44}"
EndProject
Project("{9A19103F-16F7-4668-BE54-9A1E7A4F7556}") = "BookStoreDBImplementation", "BookStoreDBImplementation\BookStoreDBImplementation.csproj", "{BB036D58-BFE4-4135-BBD6-D6F7B0480001}"
EndProject
Project("{FAE04EC0-301F-11D3-BF4B-00C04F79EFBC}") = "BookStoreView", "BookStoreView\BookStoreView.csproj", "{94C9BB76-85FD-4102-A4C8-26F2AC0C2FDE}"
EndProject
Project("{FAE04EC0-301F-11D3-BF4B-00C04F79EFBC}") = "BookStoreConsole", "BookStoreConsole\BookStoreConsole.csproj", "{EB1A9663-001E-42D3-ACCC-A79223CAE26D}"
EndProject
Global
	GlobalSection(SolutionConfigurationPlatforms) = preSolution
		Debug|Any CPU = Debug|Any CPU
		Release|Any CPU = Release|Any CPU
	EndGlobalSection
	GlobalSection(ProjectConfigurationPlatforms) = postSolution
		{FBFD57AD-FFF4-45DC-9270-6B22FF22DE44}.Debug|Any CPU.ActiveCfg = Debug|Any CPU
		{FBFD57AD-FFF4-45DC-9270-6B22FF22DE44}.Debug|Any CPU.Build.0 = Debug|Any CPU
		{FBFD57AD-FFF4-45DC-9270-6B22FF22DE44}.Release|Any CPU.ActiveCfg = Release|Any CPU
		{FBFD57AD-FFF4-45DC-9270-6B22FF22DE44}.Release|Any CPU.Build.0 = Release|Any CPU
		{BB036D58-BFE4-4135-BBD6-D6F7B0480001}.Debug|Any CPU.ActiveCfg = Debug|Any CPU
		{BB036D58-BFE4-4135-BBD6-D6F7B0480001}.Debug|Any CPU.Build.0 = Debug|Any CPU
		{BB036D58-BFE4-4135-BBD6-D6F7B0480001}.Release|Any CPU.ActiveCfg = Release|Any CPU
		{BB036D58-BFE4-4135-BBD6-D6F7B0480001}.Release|Any CPU.Build.0 = Release|Any CPU
		{94C9BB76-85FD-4102-A4C8-26F2AC0C2FDE}.Debug|Any CPU.ActiveCfg = Debug|Any CPU
		{94C9BB76-85FD-4102-A4C8-26F2AC0C2FDE}.Debug|Any CPU.Build.0 = Debug|Any CPU
		{94C9BB76-85FD-4102-A4C8-26F2AC0C2FDE}.Release|Any CPU.ActiveCfg = Release|Any CPU
		{94C9BB76-85FD-4102-A4C8-26F2AC0C2FDE}.Release|Any CPU.Build.0 = Release|Any CPU
		{EB1A9663-001E-42D3-ACCC-A79223CAE26D}.Debug|Any CPU.ActiveCfg = Debug|Any CPU
		{EB1A9663-001E-42D3-ACCC-A79223CAE26D}.Debug|Any CPU.Build.0 = Debug|Any CPU
		{EB1A9663-001E-42D3-ACCC-A79223CAE26D}.Release|Any CPU.ActiveCfg = Release|Any CPU
		{EB1A9663-001E-42D3-ACCC-A79223CAE26D}.Release|Any CPU.Build.0 = Release|Any CPU
	EndGlobalSection
	GlobalSection(SolutionProperties) = preSolution
		HideSolutionNode = FALSE
	EndGlobalSection
	GlobalSection(ExtensibilityGlobals) = postSolution
		SolutionGuid = {37E00D47-6A0D-4AEE-BBF3-5F61278F3FB0}
	EndGlobalSection
EndGlobal
